
Microsoft Visual Studio Solution File, Format Version 12.00
# Visual Studio Version 17
VisualStudioVersion = 17.0.32014.148
MinimumVisualStudioVersion = 10.0.40219.1
Project("{FAE04EC0-301F-11D3-BF4B-00C04F79EFBC}") = "collegeManagementSystem.net", "collegeManagementSystem.net\collegeManagementSystem.net.csproj", "{7A0DE8F4-C368-432E-BC1A-3A4F7CC079C7}"
EndProject
Global
	GlobalSection(SolutionConfigurationPlatforms) = preSolution
		Debug|Any CPU = Debug|Any CPU
		Release|Any CPU = Release|Any CPU
	EndGlobalSection
	GlobalSection(ProjectConfigurationPlatforms) = postSolution
		{7A0DE8F4-C368-432E-BC1A-3A4F7CC079C7}.Debug|Any CPU.ActiveCfg = Debug|Any CPU
		{7A0DE8F4-C368-432E-BC1A-3A4F7CC079C7}.Debug|Any CPU.Build.0 = Debug|Any CPU
		{7A0DE8F4-C368-432E-BC1A-3A4F7CC079C7}.Release|Any CPU.ActiveCfg = Release|Any CPU
		{7A0DE8F4-C368-432E-BC1A-3A4F7CC079C7}.Release|Any CPU.Build.0 = Release|Any CPU
	EndGlobalSection
	GlobalSection(SolutionProperties) = preSolution
		HideSolutionNode = FALSE
	EndGlobalSection
	GlobalSection(ExtensibilityGlobals) = postSolution
		SolutionGuid = {7C021F91-0DA4-472F-BF81-6FC1EBE07544}
	EndGlobalSection
EndGlobal
